// !$*UTF8*$!
{
	archiveVersion = 1;
	classes = {
	};
	objectVersion = 46;
	objects = {

/* Begin PBXBuildFile section */
		8B0970E220449A1E003B0AB0 /* FeedViewController.swift in Sources */ = {isa = PBXBuildFile; fileRef = 8B0970E120449A1E003B0AB0 /* FeedViewController.swift */; };
		8B0970E42044EC59003B0AB0 /* Post.swift in Sources */ = {isa = PBXBuildFile; fileRef = 8B0970E32044EC59003B0AB0 /* Post.swift */; };
		8B0970E6204502FA003B0AB0 /* PostingViewController.swift in Sources */ = {isa = PBXBuildFile; fileRef = 8B0970E5204502FA003B0AB0 /* PostingViewController.swift */; };
		8B0970EA20453336003B0AB0 /* instaCell.swift in Sources */ = {isa = PBXBuildFile; fileRef = 8B0970E920453336003B0AB0 /* instaCell.swift */; };
		8B67CF28203CFA8700AC5515 /* LoginViewController.swift in Sources */ = {isa = PBXBuildFile; fileRef = 8B67CF27203CFA8700AC5515 /* LoginViewController.swift */; };
		8BC95BB2203CDA4B00FA18D4 /* AppDelegate.swift in Sources */ = {isa = PBXBuildFile; fileRef = 8BC95BB1203CDA4B00FA18D4 /* AppDelegate.swift */; };
		8BC95BB4203CDA4B00FA18D4 /* ViewController.swift in Sources */ = {isa = PBXBuildFile; fileRef = 8BC95BB3203CDA4B00FA18D4 /* ViewController.swift */; };
		8BC95BB7203CDA4B00FA18D4 /* Main.storyboard in Resources */ = {isa = PBXBuildFile; fileRef = 8BC95BB5203CDA4B00FA18D4 /* Main.storyboard */; };
		8BC95BB9203CDA4B00FA18D4 /* Assets.xcassets in Resources */ = {isa = PBXBuildFile; fileRef = 8BC95BB8203CDA4B00FA18D4 /* Assets.xcassets */; };
		8BC95BBC203CDA4B00FA18D4 /* LaunchScreen.storyboard in Resources */ = {isa = PBXBuildFile; fileRef = 8BC95BBA203CDA4B00FA18D4 /* LaunchScreen.storyboard */; };
		8BC95BC7203CDA4B00FA18D4 /* instaCloneTests.swift in Sources */ = {isa = PBXBuildFile; fileRef = 8BC95BC6203CDA4B00FA18D4 /* instaCloneTests.swift */; };
		8BC95BD2203CDA4B00FA18D4 /* instaCloneUITests.swift in Sources */ = {isa = PBXBuildFile; fileRef = 8BC95BD1203CDA4B00FA18D4 /* instaCloneUITests.swift */; };
		907C73E62F2758432C625325 /* Pods_instaCloneTests.framework in Frameworks */ = {isa = PBXBuildFile; fileRef = 2B35A10E222735D5A9BA7549 /* Pods_instaCloneTests.framework */; };
		C93E53F4CCE139DE19C084D0 /* Pods_instaCloneUITests.framework in Frameworks */ = {isa = PBXBuildFile; fileRef = 62B1F7F3ACB0F6A31C26BC68 /* Pods_instaCloneUITests.framework */; };
		E2D0713A7DEDAC43695B4940 /* Pods_instaClone.framework in Frameworks */ = {isa = PBXBuildFile; fileRef = F9F6B476DB68587E3941C8EC /* Pods_instaClone.framework */; };
/* End PBXBuildFile section */

/* Begin PBXContainerItemProxy section */
		8BC95BC3203CDA4B00FA18D4 /* PBXContainerItemProxy */ = {
			isa = PBXContainerItemProxy;
			containerPortal = 8BC95BA6203CDA4B00FA18D4 /* Project object */;
			proxyType = 1;
			remoteGlobalIDString = 8BC95BAD203CDA4B00FA18D4;
			remoteInfo = instaClone;
		};
		8BC95BCE203CDA4B00FA18D4 /* PBXContainerItemProxy */ = {
			isa = PBXContainerItemProxy;
			containerPortal = 8BC95BA6203CDA4B00FA18D4 /* Project object */;
			proxyType = 1;
			remoteGlobalIDString = 8BC95BAD203CDA4B00FA18D4;
			remoteInfo = instaClone;
		};
/* End PBXContainerItemProxy section */

/* Begin PBXFileReference section */
		2B35A10E222735D5A9BA7549 /* Pods_instaCloneTests.framework */ = {isa = PBXFileReference; explicitFileType = wrapper.framework; includeInIndex = 0; path = Pods_instaCloneTests.framework; sourceTree = BUILT_PRODUCTS_DIR; };
		56A4F50C0BBB7E51B652B83C /* Pods-instaCloneTests.release.xcconfig */ = {isa = PBXFileReference; includeInIndex = 1; lastKnownFileType = text.xcconfig; name = "Pods-instaCloneTests.release.xcconfig"; path = "Pods/Target Support Files/Pods-instaCloneTests/Pods-instaCloneTests.release.xcconfig"; sourceTree = "<group>"; };
		60A7F85599680B8C5F3DE6B3 /* Pods-instaCloneUITests.release.xcconfig */ = {isa = PBXFileReference; includeInIndex = 1; lastKnownFileType = text.xcconfig; name = "Pods-instaCloneUITests.release.xcconfig"; path = "Pods/Target Support Files/Pods-instaCloneUITests/Pods-instaCloneUITests.release.xcconfig"; sourceTree = "<group>"; };
		60BAB02D772F876FE14E6308 /* Pods-instaClone.release.xcconfig */ = {isa = PBXFileReference; includeInIndex = 1; lastKnownFileType = text.xcconfig; name = "Pods-instaClone.release.xcconfig"; path = "Pods/Target Support Files/Pods-instaClone/Pods-instaClone.release.xcconfig"; sourceTree = "<group>"; };
		62B1F7F3ACB0F6A31C26BC68 /* Pods_instaCloneUITests.framework */ = {isa = PBXFileReference; explicitFileType = wrapper.framework; includeInIndex = 0; path = Pods_instaCloneUITests.framework; sourceTree = BUILT_PRODUCTS_DIR; };
		81DDC5E7A444F5BF8A0BCAD9 /* Pods-instaCloneUITests.debug.xcconfig */ = {isa = PBXFileReference; includeInIndex = 1; lastKnownFileType = text.xcconfig; name = "Pods-instaCloneUITests.debug.xcconfig"; path = "Pods/Target Support Files/Pods-instaCloneUITests/Pods-instaCloneUITests.debug.xcconfig"; sourceTree = "<group>"; };
		8B0970E120449A1E003B0AB0 /* FeedViewController.swift */ = {isa = PBXFileReference; lastKnownFileType = sourcecode.swift; path = FeedViewController.swift; sourceTree = "<group>"; };
		8B0970E32044EC59003B0AB0 /* Post.swift */ = {isa = PBXFileReference; lastKnownFileType = sourcecode.swift; path = Post.swift; sourceTree = "<group>"; };
		8B0970E5204502FA003B0AB0 /* PostingViewController.swift */ = {isa = PBXFileReference; lastKnownFileType = sourcecode.swift; path = PostingViewController.swift; sourceTree = "<group>"; };
		8B0970E920453336003B0AB0 /* instaCell.swift */ = {isa = PBXFileReference; lastKnownFileType = sourcecode.swift; path = instaCell.swift; sourceTree = "<group>"; };
		8B67CF27203CFA8700AC5515 /* LoginViewController.swift */ = {isa = PBXFileReference; fileEncoding = 4; lastKnownFileType = sourcecode.swift; path = LoginViewController.swift; sourceTree = "<group>"; };
		8BC95BAE203CDA4B00FA18D4 /* instaClone.app */ = {isa = PBXFileReference; explicitFileType = wrapper.application; includeInIndex = 0; path = instaClone.app; sourceTree = BUILT_PRODUCTS_DIR; };
		8BC95BB1203CDA4B00FA18D4 /* AppDelegate.swift */ = {isa = PBXFileReference; lastKnownFileType = sourcecode.swift; path = AppDelegate.swift; sourceTree = "<group>"; };
		8BC95BB3203CDA4B00FA18D4 /* ViewController.swift */ = {isa = PBXFileReference; lastKnownFileType = sourcecode.swift; path = ViewController.swift; sourceTree = "<group>"; };
		8BC95BB6203CDA4B00FA18D4 /* Base */ = {isa = PBXFileReference; lastKnownFileType = file.storyboard; name = Base; path = Base.lproj/Main.storyboard; sourceTree = "<group>"; };
		8BC95BB8203CDA4B00FA18D4 /* Assets.xcassets */ = {isa = PBXFileReference; lastKnownFileType = folder.assetcatalog; path = Assets.xcassets; sourceTree = "<group>"; };
		8BC95BBB203CDA4B00FA18D4 /* Base */ = {isa = PBXFileReference; lastKnownFileType = file.storyboard; name = Base; path = Base.lproj/LaunchScreen.storyboard; sourceTree = "<group>"; };
		8BC95BBD203CDA4B00FA18D4 /* Info.plist */ = {isa = PBXFileReference; lastKnownFileType = text.plist.xml; path = Info.plist; sourceTree = "<group>"; };
		8BC95BC2203CDA4B00FA18D4 /* instaCloneTests.xctest */ = {isa = PBXFileReference; explicitFileType = wrapper.cfbundle; includeInIndex = 0; path = instaCloneTests.xctest; sourceTree = BUILT_PRODUCTS_DIR; };
		8BC95BC6203CDA4B00FA18D4 /* instaCloneTests.swift */ = {isa = PBXFileReference; lastKnownFileType = sourcecode.swift; path = instaCloneTests.swift; sourceTree = "<group>"; };
		8BC95BC8203CDA4B00FA18D4 /* Info.plist */ = {isa = PBXFileReference; lastKnownFileType = text.plist.xml; path = Info.plist; sourceTree = "<group>"; };
		8BC95BCD203CDA4B00FA18D4 /* instaCloneUITests.xctest */ = {isa = PBXFileReference; explicitFileType = wrapper.cfbundle; includeInIndex = 0; path = instaCloneUITests.xctest; sourceTree = BUILT_PRODUCTS_DIR; };
		8BC95BD1203CDA4B00FA18D4 /* instaCloneUITests.swift */ = {isa = PBXFileReference; lastKnownFileType = sourcecode.swift; path = instaCloneUITests.swift; sourceTree = "<group>"; };
		8BC95BD3203CDA4B00FA18D4 /* Info.plist */ = {isa = PBXFileReference; lastKnownFileType = text.plist.xml; path = Info.plist; sourceTree = "<group>"; };
		8C3749D85FF20DCE994A00F4 /* Pods-instaCloneTests.debug.xcconfig */ = {isa = PBXFileReference; includeInIndex = 1; lastKnownFileType = text.xcconfig; name = "Pods-instaCloneTests.debug.xcconfig"; path = "Pods/Target Support Files/Pods-instaCloneTests/Pods-instaCloneTests.debug.xcconfig"; sourceTree = "<group>"; };
		F2079234528F8F61EDB164EF /* Pods-instaClone.debug.xcconfig */ = {isa = PBXFileReference; includeInIndex = 1; lastKnownFileType = text.xcconfig; name = "Pods-instaClone.debug.xcconfig"; path = "Pods/Target Support Files/Pods-instaClone/Pods-instaClone.debug.xcconfig"; sourceTree = "<group>"; };
		F9F6B476DB68587E3941C8EC /* Pods_instaClone.framework */ = {isa = PBXFileReference; explicitFileType = wrapper.framework; includeInIndex = 0; path = Pods_instaClone.framework; sourceTree = BUILT_PRODUCTS_DIR; };
/* End PBXFileReference section */

/* Begin PBXFrameworksBuildPhase section */
		8BC95BAB203CDA4B00FA18D4 /* Frameworks */ = {
			isa = PBXFrameworksBuildPhase;
			buildActionMask = 2147483647;
			files = (
				E2D0713A7DEDAC43695B4940 /* Pods_instaClone.framework in Frameworks */,
			);
			runOnlyForDeploymentPostprocessing = 0;
		};
		8BC95BBF203CDA4B00FA18D4 /* Frameworks */ = {
			isa = PBXFrameworksBuildPhase;
			buildActionMask = 2147483647;
			files = (
				907C73E62F2758432C625325 /* Pods_instaCloneTests.framework in Frameworks */,
			);
			runOnlyForDeploymentPostprocessing = 0;
		};
		8BC95BCA203CDA4B00FA18D4 /* Frameworks */ = {
			isa = PBXFrameworksBuildPhase;
			buildActionMask = 2147483647;
			files = (
				C93E53F4CCE139DE19C084D0 /* Pods_instaCloneUITests.framework in Frameworks */,
			);
			runOnlyForDeploymentPostprocessing = 0;
		};
/* End PBXFrameworksBuildPhase section */

/* Begin PBXGroup section */
		043BB75F64937D0F918C32E8 /* Frameworks */ = {
			isa = PBXGroup;
			children = (
				F9F6B476DB68587E3941C8EC /* Pods_instaClone.framework */,
				2B35A10E222735D5A9BA7549 /* Pods_instaCloneTests.framework */,
				62B1F7F3ACB0F6A31C26BC68 /* Pods_instaCloneUITests.framework */,
			);
			name = Frameworks;
			sourceTree = "<group>";
		};
		8BC95BA5203CDA4B00FA18D4 = {
			isa = PBXGroup;
			children = (
				8BC95BB0203CDA4B00FA18D4 /* instaClone */,
				8BC95BC5203CDA4B00FA18D4 /* instaCloneTests */,
				8BC95BD0203CDA4B00FA18D4 /* instaCloneUITests */,
				8BC95BAF203CDA4B00FA18D4 /* Products */,
				E69F25EC01A5B4FF7273DCEF /* Pods */,
				043BB75F64937D0F918C32E8 /* Frameworks */,
			);
			sourceTree = "<group>";
		};
		8BC95BAF203CDA4B00FA18D4 /* Products */ = {
			isa = PBXGroup;
			children = (
				8BC95BAE203CDA4B00FA18D4 /* instaClone.app */,
				8BC95BC2203CDA4B00FA18D4 /* instaCloneTests.xctest */,
				8BC95BCD203CDA4B00FA18D4 /* instaCloneUITests.xctest */,
			);
			name = Products;
			sourceTree = "<group>";
		};
		8BC95BB0203CDA4B00FA18D4 /* instaClone */ = {
			isa = PBXGroup;
			children = (
				8BC95BB1203CDA4B00FA18D4 /* AppDelegate.swift */,
				8BC95BB3203CDA4B00FA18D4 /* ViewController.swift */,
				8BC95BB5203CDA4B00FA18D4 /* Main.storyboard */,
				8BC95BB8203CDA4B00FA18D4 /* Assets.xcassets */,
				8BC95BBA203CDA4B00FA18D4 /* LaunchScreen.storyboard */,
				8BC95BBD203CDA4B00FA18D4 /* Info.plist */,
				8B67CF27203CFA8700AC5515 /* LoginViewController.swift */,
				8B0970E120449A1E003B0AB0 /* FeedViewController.swift */,
				8B0970E32044EC59003B0AB0 /* Post.swift */,
				8B0970E5204502FA003B0AB0 /* PostingViewController.swift */,
				8B0970E920453336003B0AB0 /* instaCell.swift */,
			);
			path = instaClone;
			sourceTree = "<group>";
		};
		8BC95BC5203CDA4B00FA18D4 /* instaCloneTests */ = {
			isa = PBXGroup;
			children = (
				8BC95BC6203CDA4B00FA18D4 /* instaCloneTests.swift */,
				8BC95BC8203CDA4B00FA18D4 /* Info.plist */,
			);
			path = instaCloneTests;
			sourceTree = "<group>";
		};
		8BC95BD0203CDA4B00FA18D4 /* instaCloneUITests */ = {
			isa = PBXGroup;
			children = (
				8BC95BD1203CDA4B00FA18D4 /* instaCloneUITests.swift */,
				8BC95BD3203CDA4B00FA18D4 /* Info.plist */,
			);
			path = instaCloneUITests;
			sourceTree = "<group>";
		};
		E69F25EC01A5B4FF7273DCEF /* Pods */ = {
			isa = PBXGroup;
			children = (
				F2079234528F8F61EDB164EF /* Pods-instaClone.debug.xcconfig */,
				60BAB02D772F876FE14E6308 /* Pods-instaClone.release.xcconfig */,
				8C3749D85FF20DCE994A00F4 /* Pods-instaCloneTests.debug.xcconfig */,
				56A4F50C0BBB7E51B652B83C /* Pods-instaCloneTests.release.xcconfig */,
				81DDC5E7A444F5BF8A0BCAD9 /* Pods-instaCloneUITests.debug.xcconfig */,
				60A7F85599680B8C5F3DE6B3 /* Pods-instaCloneUITests.release.xcconfig */,
			);
			name = Pods;
			sourceTree = "<group>";
		};
/* End PBXGroup section */

/* Begin PBXNativeTarget section */
		8BC95BAD203CDA4B00FA18D4 /* instaClone */ = {
			isa = PBXNativeTarget;
			buildConfigurationList = 8BC95BD6203CDA4B00FA18D4 /* Build configuration list for PBXNativeTarget "instaClone" */;
			buildPhases = (
				F791E0E7979212E91552E9D8 /* [CP] Check Pods Manifest.lock */,
				8BC95BAA203CDA4B00FA18D4 /* Sources */,
				8BC95BAB203CDA4B00FA18D4 /* Frameworks */,
				8BC95BAC203CDA4B00FA18D4 /* Resources */,
				31B164BF861267FEE246B82B /* [CP] Embed Pods Frameworks */,
				75A0183F399D0F781BBCA05F /* [CP] Copy Pods Resources */,
			);
			buildRules = (
			);
			dependencies = (
			);
			name = instaClone;
			productName = instaClone;
			productReference = 8BC95BAE203CDA4B00FA18D4 /* instaClone.app */;
			productType = "com.apple.product-type.application";
		};
		8BC95BC1203CDA4B00FA18D4 /* instaCloneTests */ = {
			isa = PBXNativeTarget;
			buildConfigurationList = 8BC95BD9203CDA4B00FA18D4 /* Build configuration list for PBXNativeTarget "instaCloneTests" */;
			buildPhases = (
				7FD5B4156B423CEE62FD77AD /* [CP] Check Pods Manifest.lock */,
				8BC95BBE203CDA4B00FA18D4 /* Sources */,
				8BC95BBF203CDA4B00FA18D4 /* Frameworks */,
				8BC95BC0203CDA4B00FA18D4 /* Resources */,
				FDCE1C4E879F17D3F186FD8C /* [CP] Embed Pods Frameworks */,
				57EE2A782576342E1792EFBF /* [CP] Copy Pods Resources */,
			);
			buildRules = (
			);
			dependencies = (
				8BC95BC4203CDA4B00FA18D4 /* PBXTargetDependency */,
			);
			name = instaCloneTests;
			productName = instaCloneTests;
			productReference = 8BC95BC2203CDA4B00FA18D4 /* instaCloneTests.xctest */;
			productType = "com.apple.product-type.bundle.unit-test";
		};
		8BC95BCC203CDA4B00FA18D4 /* instaCloneUITests */ = {
			isa = PBXNativeTarget;
			buildConfigurationList = 8BC95BDC203CDA4B00FA18D4 /* Build configuration list for PBXNativeTarget "instaCloneUITests" */;
			buildPhases = (
				DE0490421EFFB774A8DF8157 /* [CP] Check Pods Manifest.lock */,
				8BC95BC9203CDA4B00FA18D4 /* Sources */,
				8BC95BCA203CDA4B00FA18D4 /* Frameworks */,
				8BC95BCB203CDA4B00FA18D4 /* Resources */,
				06DACD25F0C80B2676EA3893 /* [CP] Embed Pods Frameworks */,
				EF3AB92CCD8623EBBC367E92 /* [CP] Copy Pods Resources */,
			);
			buildRules = (
			);
			dependencies = (
				8BC95BCF203CDA4B00FA18D4 /* PBXTargetDependency */,
			);
			name = instaCloneUITests;
			productName = instaCloneUITests;
			productReference = 8BC95BCD203CDA4B00FA18D4 /* instaCloneUITests.xctest */;
			productType = "com.apple.product-type.bundle.ui-testing";
		};
/* End PBXNativeTarget section */

/* Begin PBXProject section */
		8BC95BA6203CDA4B00FA18D4 /* Project object */ = {
			isa = PBXProject;
			attributes = {
				LastSwiftUpdateCheck = 0830;
				LastUpgradeCheck = 0920;
				ORGANIZATIONNAME = "Justin Lee";
				TargetAttributes = {
					8BC95BAD203CDA4B00FA18D4 = {
						CreatedOnToolsVersion = 8.3.3;
						LastSwiftMigration = 0920;
						ProvisioningStyle = Automatic;
					};
					8BC95BC1203CDA4B00FA18D4 = {
						CreatedOnToolsVersion = 8.3.3;
						LastSwiftMigration = 0920;
						ProvisioningStyle = Automatic;
						TestTargetID = 8BC95BAD203CDA4B00FA18D4;
					};
					8BC95BCC203CDA4B00FA18D4 = {
						CreatedOnToolsVersion = 8.3.3;
						LastSwiftMigration = 0920;
						ProvisioningStyle = Automatic;
						TestTargetID = 8BC95BAD203CDA4B00FA18D4;
					};
				};
			};
			buildConfigurationList = 8BC95BA9203CDA4B00FA18D4 /* Build configuration list for PBXProject "instaClone" */;
			compatibilityVersion = "Xcode 3.2";
			developmentRegion = English;
			hasScannedForEncodings = 0;
			knownRegions = (
				en,
				Base,
			);
			mainGroup = 8BC95BA5203CDA4B00FA18D4;
			productRefGroup = 8BC95BAF203CDA4B00FA18D4 /* Products */;
			projectDirPath = "";
			projectRoot = "";
			targets = (
				8BC95BAD203CDA4B00FA18D4 /* instaClone */,
				8BC95BC1203CDA4B00FA18D4 /* instaCloneTests */,
				8BC95BCC203CDA4B00FA18D4 /* instaCloneUITests */,
			);
		};
/* End PBXProject section */

/* Begin PBXResourcesBuildPhase section */
		8BC95BAC203CDA4B00FA18D4 /* Resources */ = {
			isa = PBXResourcesBuildPhase;
			buildActionMask = 2147483647;
			files = (
				8BC95BBC203CDA4B00FA18D4 /* LaunchScreen.storyboard in Resources */,
				8BC95BB9203CDA4B00FA18D4 /* Assets.xcassets in Resources */,
				8BC95BB7203CDA4B00FA18D4 /* Main.storyboard in Resources */,
			);
			runOnlyForDeploymentPostprocessing = 0;
		};
		8BC95BC0203CDA4B00FA18D4 /* Resources */ = {
			isa = PBXResourcesBuildPhase;
			buildActionMask = 2147483647;
			files = (
			);
			runOnlyForDeploymentPostprocessing = 0;
		};
		8BC95BCB203CDA4B00FA18D4 /* Resources */ = {
			isa = PBXResourcesBuildPhase;
			buildActionMask = 2147483647;
			files = (
			);
			runOnlyForDeploymentPostprocessing = 0;
		};
/* End PBXResourcesBuildPhase section */

/* Begin PBXShellScriptBuildPhase section */
		06DACD25F0C80B2676EA3893 /* [CP] Embed Pods Frameworks */ = {
			isa = PBXShellScriptBuildPhase;
			buildActionMask = 2147483647;
			files = (
			);
			inputPaths = (
			);
			name = "[CP] Embed Pods Frameworks";
			outputPaths = (
			);
			runOnlyForDeploymentPostprocessing = 0;
			shellPath = /bin/sh;
			shellScript = "\"${SRCROOT}/Pods/Target Support Files/Pods-instaCloneUITests/Pods-instaCloneUITests-frameworks.sh\"\n";
			showEnvVarsInLog = 0;
		};
		31B164BF861267FEE246B82B /* [CP] Embed Pods Frameworks */ = {
			isa = PBXShellScriptBuildPhase;
			buildActionMask = 2147483647;
			files = (
			);
			inputPaths = (
				"${SRCROOT}/Pods/Target Support Files/Pods-instaClone/Pods-instaClone-frameworks.sh",
				"${BUILT_PRODUCTS_DIR}/Bolts/Bolts.framework",
				"${BUILT_PRODUCTS_DIR}/Parse/Parse.framework",
				"${BUILT_PRODUCTS_DIR}/ParseUI/ParseUI.framework",
			);
			name = "[CP] Embed Pods Frameworks";
			outputPaths = (
				"${TARGET_BUILD_DIR}/${FRAMEWORKS_FOLDER_PATH}/Bolts.framework",
				"${TARGET_BUILD_DIR}/${FRAMEWORKS_FOLDER_PATH}/Parse.framework",
				"${TARGET_BUILD_DIR}/${FRAMEWORKS_FOLDER_PATH}/ParseUI.framework",
			);
			runOnlyForDeploymentPostprocessing = 0;
			shellPath = /bin/sh;
			shellScript = "\"${SRCROOT}/Pods/Target Support Files/Pods-instaClone/Pods-instaClone-frameworks.sh\"\n";
			showEnvVarsInLog = 0;
		};
		57EE2A782576342E1792EFBF /* [CP] Copy Pods Resources */ = {
			isa = PBXShellScriptBuildPhase;
			buildActionMask = 2147483647;
			files = (
			);
			inputPaths = (
			);
			name = "[CP] Copy Pods Resources";
			outputPaths = (
			);
			runOnlyForDeploymentPostprocessing = 0;
			shellPath = /bin/sh;
			shellScript = "\"${SRCROOT}/Pods/Target Support Files/Pods-instaCloneTests/Pods-instaCloneTests-resources.sh\"\n";
			showEnvVarsInLog = 0;
		};
		75A0183F399D0F781BBCA05F /* [CP] Copy Pods Resources */ = {
			isa = PBXShellScriptBuildPhase;
			buildActionMask = 2147483647;
			files = (
			);
			inputPaths = (
			);
			name = "[CP] Copy Pods Resources";
			outputPaths = (
			);
			runOnlyForDeploymentPostprocessing = 0;
			shellPath = /bin/sh;
			shellScript = "\"${SRCROOT}/Pods/Target Support Files/Pods-instaClone/Pods-instaClone-resources.sh\"\n";
			showEnvVarsInLog = 0;
		};
		7FD5B4156B423CEE62FD77AD /* [CP] Check Pods Manifest.lock */ = {
			isa = PBXShellScriptBuildPhase;
			buildActionMask = 2147483647;
			files = (
			);
			inputPaths = (
				"${PODS_PODFILE_DIR_PATH}/Podfile.lock",
				"${PODS_ROOT}/Manifest.lock",
			);
			name = "[CP] Check Pods Manifest.lock";
			outputPaths = (
				"$(DERIVED_FILE_DIR)/Pods-instaCloneTests-checkManifestLockResult.txt",
			);
			runOnlyForDeploymentPostprocessing = 0;
			shellPath = /bin/sh;
			shellScript = "diff \"${PODS_PODFILE_DIR_PATH}/Podfile.lock\" \"${PODS_ROOT}/Manifest.lock\" > /dev/null\nif [ $? != 0 ] ; then\n    # print error to STDERR\n    echo \"error: The sandbox is not in sync with the Podfile.lock. Run 'pod install' or update your CocoaPods installation.\" >&2\n    exit 1\nfi\n# This output is used by Xcode 'outputs' to avoid re-running this script phase.\necho \"SUCCESS\" > \"${SCRIPT_OUTPUT_FILE_0}\"\n";
			showEnvVarsInLog = 0;
		};
		DE0490421EFFB774A8DF8157 /* [CP] Check Pods Manifest.lock */ = {
			isa = PBXShellScriptBuildPhase;
			buildActionMask = 2147483647;
			files = (
			);
			inputPaths = (
				"${PODS_PODFILE_DIR_PATH}/Podfile.lock",
				"${PODS_ROOT}/Manifest.lock",
			);
			name = "[CP] Check Pods Manifest.lock";
			outputPaths = (
				"$(DERIVED_FILE_DIR)/Pods-instaCloneUITests-checkManifestLockResult.txt",
			);
			runOnlyForDeploymentPostprocessing = 0;
			shellPath = /bin/sh;
			shellScript = "diff \"${PODS_PODFILE_DIR_PATH}/Podfile.lock\" \"${PODS_ROOT}/Manifest.lock\" > /dev/null\nif [ $? != 0 ] ; then\n    # print error to STDERR\n    echo \"error: The sandbox is not in sync with the Podfile.lock. Run 'pod install' or update your CocoaPods installation.\" >&2\n    exit 1\nfi\n# This output is used by Xcode 'outputs' to avoid re-running this script phase.\necho \"SUCCESS\" > \"${SCRIPT_OUTPUT_FILE_0}\"\n";
			showEnvVarsInLog = 0;
		};
		EF3AB92CCD8623EBBC367E92 /* [CP] Copy Pods Resources */ = {
			isa = PBXShellScriptBuildPhase;
			buildActionMask = 2147483647;
			files = (
			);
			inputPaths = (
			);
			name = "[CP] Copy Pods Resources";
			outputPaths = (
			);
			runOnlyForDeploymentPostprocessing = 0;
			shellPath = /bin/sh;
			shellScript = "\"${SRCROOT}/Pods/Target Support Files/Pods-instaCloneUITests/Pods-instaCloneUITests-resources.sh\"\n";
			showEnvVarsInLog = 0;
		};
		F791E0E7979212E91552E9D8 /* [CP] Check Pods Manifest.lock */ = {
			isa = PBXShellScriptBuildPhase;
			buildActionMask = 2147483647;
			files = (
			);
			inputPaths = (
				"${PODS_PODFILE_DIR_PATH}/Podfile.lock",
				"${PODS_ROOT}/Manifest.lock",
			);
			name = "[CP] Check Pods Manifest.lock";
			outputPaths = (
				"$(DERIVED_FILE_DIR)/Pods-instaClone-checkManifestLockResult.txt",
			);
			runOnlyForDeploymentPostprocessing = 0;
			shellPath = /bin/sh;
			shellScript = "diff \"${PODS_PODFILE_DIR_PATH}/Podfile.lock\" \"${PODS_ROOT}/Manifest.lock\" > /dev/null\nif [ $? != 0 ] ; then\n    # print error to STDERR\n    echo \"error: The sandbox is not in sync with the Podfile.lock. Run 'pod install' or update your CocoaPods installation.\" >&2\n    exit 1\nfi\n# This output is used by Xcode 'outputs' to avoid re-running this script phase.\necho \"SUCCESS\" > \"${SCRIPT_OUTPUT_FILE_0}\"\n";
			showEnvVarsInLog = 0;
		};
		FDCE1C4E879F17D3F186FD8C /* [CP] Embed Pods Frameworks */ = {
			isa = PBXShellScriptBuildPhase;
			buildActionMask = 2147483647;
			files = (
			);
			inputPaths = (
			);
			name = "[CP] Embed Pods Frameworks";
			outputPaths = (
			);
			runOnlyForDeploymentPostprocessing = 0;
			shellPath = /bin/sh;
			shellScript = "\"${SRCROOT}/Pods/Target Support Files/Pods-instaCloneTests/Pods-instaCloneTests-frameworks.sh\"\n";
			showEnvVarsInLog = 0;
		};
/* End PBXShellScriptBuildPhase section */

/* Begin PBXSourcesBuildPhase section */
		8BC95BAA203CDA4B00FA18D4 /* Sources */ = {
			isa = PBXSourcesBuildPhase;
			buildActionMask = 2147483647;
			files = (
				8B0970EA20453336003B0AB0 /* instaCell.swift in Sources */,
				8B0970E42044EC59003B0AB0 /* Post.swift in Sources */,
				8B67CF28203CFA8700AC5515 /* LoginViewController.swift in Sources */,
				8BC95BB4203CDA4B00FA18D4 /* ViewController.swift in Sources */,
				8B0970E220449A1E003B0AB0 /* FeedViewController.swift in Sources */,
				8BC95BB2203CDA4B00FA18D4 /* AppDelegate.swift in Sources */,
				8B0970E6204502FA003B0AB0 /* PostingViewController.swift in Sources */,
			);
			runOnlyForDeploymentPostprocessing = 0;
		};
		8BC95BBE203CDA4B00FA18D4 /* Sources */ = {
			isa = PBXSourcesBuildPhase;
			buildActionMask = 2147483647;
			files = (
				8BC95BC7203CDA4B00FA18D4 /* instaCloneTests.swift in Sources */,
			);
			runOnlyForDeploymentPostprocessing = 0;
		};
		8BC95BC9203CDA4B00FA18D4 /* Sources */ = {
			isa = PBXSourcesBuildPhase;
			buildActionMask = 2147483647;
			files = (
				8BC95BD2203CDA4B00FA18D4 /* instaCloneUITests.swift in Sources */,
			);
			runOnlyForDeploymentPostprocessing = 0;
		};
/* End PBXSourcesBuildPhase section */

/* Begin PBXTargetDependency section */
		8BC95BC4203CDA4B00FA18D4 /* PBXTargetDependency */ = {
			isa = PBXTargetDependency;
			target = 8BC95BAD203CDA4B00FA18D4 /* instaClone */;
			targetProxy = 8BC95BC3203CDA4B00FA18D4 /* PBXContainerItemProxy */;
		};
		8BC95BCF203CDA4B00FA18D4 /* PBXTargetDependency */ = {
			isa = PBXTargetDependency;
			target = 8BC95BAD203CDA4B00FA18D4 /* instaClone */;
			targetProxy = 8BC95BCE203CDA4B00FA18D4 /* PBXContainerItemProxy */;
		};
/* End PBXTargetDependency section */

/* Begin PBXVariantGroup section */
		8BC95BB5203CDA4B00FA18D4 /* Main.storyboard */ = {
			isa = PBXVariantGroup;
			children = (
				8BC95BB6203CDA4B00FA18D4 /* Base */,
			);
			name = Main.storyboard;
			sourceTree = "<group>";
		};
		8BC95BBA203CDA4B00FA18D4 /* LaunchScreen.storyboard */ = {
			isa = PBXVariantGroup;
			children = (
				8BC95BBB203CDA4B00FA18D4 /* Base */,
			);
			name = LaunchScreen.storyboard;
			sourceTree = "<group>";
		};
/* End PBXVariantGroup section */

/* Begin XCBuildConfiguration section */
		8BC95BD4203CDA4B00FA18D4 /* Debug */ = {
			isa = XCBuildConfiguration;
			buildSettings = {
				ALWAYS_SEARCH_USER_PATHS = NO;
				CLANG_ANALYZER_NONNULL = YES;
				CLANG_ANALYZER_NUMBER_OBJECT_CONVERSION = YES_AGGRESSIVE;
				CLANG_CXX_LANGUAGE_STANDARD = "gnu++0x";
				CLANG_CXX_LIBRARY = "libc++";
				CLANG_ENABLE_MODULES = YES;
				CLANG_ENABLE_OBJC_ARC = YES;
				CLANG_WARN_BLOCK_CAPTURE_AUTORELEASING = YES;
				CLANG_WARN_BOOL_CONVERSION = YES;
				CLANG_WARN_COMMA = YES;
				CLANG_WARN_CONSTANT_CONVERSION = YES;
				CLANG_WARN_DIRECT_OBJC_ISA_USAGE = YES_ERROR;
				CLANG_WARN_DOCUMENTATION_COMMENTS = YES;
				CLANG_WARN_EMPTY_BODY = YES;
				CLANG_WARN_ENUM_CONVERSION = YES;
				CLANG_WARN_INFINITE_RECURSION = YES;
				CLANG_WARN_INT_CONVERSION = YES;
				CLANG_WARN_NON_LITERAL_NULL_CONVERSION = YES;
				CLANG_WARN_OBJC_LITERAL_CONVERSION = YES;
				CLANG_WARN_OBJC_ROOT_CLASS = YES_ERROR;
				CLANG_WARN_RANGE_LOOP_ANALYSIS = YES;
				CLANG_WARN_STRICT_PROTOTYPES = YES;
				CLANG_WARN_SUSPICIOUS_MOVE = YES;
				CLANG_WARN_UNREACHABLE_CODE = YES;
				CLANG_WARN__DUPLICATE_METHOD_MATCH = YES;
				"CODE_SIGN_IDENTITY[sdk=iphoneos*]" = "iPhone Developer";
				COPY_PHASE_STRIP = NO;
				DEBUG_INFORMATION_FORMAT = dwarf;
				ENABLE_STRICT_OBJC_MSGSEND = YES;
				ENABLE_TESTABILITY = YES;
				GCC_C_LANGUAGE_STANDARD = gnu99;
				GCC_DYNAMIC_NO_PIC = NO;
				GCC_NO_COMMON_BLOCKS = YES;
				GCC_OPTIMIZATION_LEVEL = 0;
				GCC_PREPROCESSOR_DEFINITIONS = (
					"DEBUG=1",
					"$(inherited)",
				);
				GCC_WARN_64_TO_32_BIT_CONVERSION = YES;
				GCC_WARN_ABOUT_RETURN_TYPE = YES_ERROR;
				GCC_WARN_UNDECLARED_SELECTOR = YES;
				GCC_WARN_UNINITIALIZED_AUTOS = YES_AGGRESSIVE;
				GCC_WARN_UNUSED_FUNCTION = YES;
				GCC_WARN_UNUSED_VARIABLE = YES;
				IPHONEOS_DEPLOYMENT_TARGET = 10.3;
				MTL_ENABLE_DEBUG_INFO = YES;
				ONLY_ACTIVE_ARCH = YES;
				SDKROOT = iphoneos;
				SWIFT_ACTIVE_COMPILATION_CONDITIONS = DEBUG;
				SWIFT_OPTIMIZATION_LEVEL = "-Onone";
			};
			name = Debug;
		};
		8BC95BD5203CDA4B00FA18D4 /* Release */ = {
			isa = XCBuildConfiguration;
			buildSettings = {
				ALWAYS_SEARCH_USER_PATHS = NO;
				CLANG_ANALYZER_NONNULL = YES;
				CLANG_ANALYZER_NUMBER_OBJECT_CONVERSION = YES_AGGRESSIVE;
				CLANG_CXX_LANGUAGE_STANDARD = "gnu++0x";
				CLANG_CXX_LIBRARY = "libc++";
				CLANG_ENABLE_MODULES = YES;
				CLANG_ENABLE_OBJC_ARC = YES;
				CLANG_WARN_BLOCK_CAPTURE_AUTORELEASING = YES;
				CLANG_WARN_BOOL_CONVERSION = YES;
				CLANG_WARN_COMMA = YES;
				CLANG_WARN_CONSTANT_CONVERSION = YES;
				CLANG_WARN_DIRECT_OBJC_ISA_USAGE = YES_ERROR;
				CLANG_WARN_DOCUMENTATION_COMMENTS = YES;
				CLANG_WARN_EMPTY_BODY = YES;
				CLANG_WARN_ENUM_CONVERSION = YES;
				CLANG_WARN_INFINITE_RECURSION = YES;
				CLANG_WARN_INT_CONVERSION = YES;
				CLANG_WARN_NON_LITERAL_NULL_CONVERSION = YES;
				CLANG_WARN_OBJC_LITERAL_CONVERSION = YES;
				CLANG_WARN_OBJC_ROOT_CLASS = YES_ERROR;
				CLANG_WARN_RANGE_LOOP_ANALYSIS = YES;
				CLANG_WARN_STRICT_PROTOTYPES = YES;
				CLANG_WARN_SUSPICIOUS_MOVE = YES;
				CLANG_WARN_UNREACHABLE_CODE = YES;
				CLANG_WARN__DUPLICATE_METHOD_MATCH = YES;
				"CODE_SIGN_IDENTITY[sdk=iphoneos*]" = "iPhone Developer";
				COPY_PHASE_STRIP = NO;
				DEBUG_INFORMATION_FORMAT = "dwarf-with-dsym";
				ENABLE_NS_ASSERTIONS = NO;
				ENABLE_STRICT_OBJC_MSGSEND = YES;
				GCC_C_LANGUAGE_STANDARD = gnu99;
				GCC_NO_COMMON_BLOCKS = YES;
				GCC_WARN_64_TO_32_BIT_CONVERSION = YES;
				GCC_WARN_ABOUT_RETURN_TYPE = YES_ERROR;
				GCC_WARN_UNDECLARED_SELECTOR = YES;
				GCC_WARN_UNINITIALIZED_AUTOS = YES_AGGRESSIVE;
				GCC_WARN_UNUSED_FUNCTION = YES;
				GCC_WARN_UNUSED_VARIABLE = YES;
				IPHONEOS_DEPLOYMENT_TARGET = 10.3;
				MTL_ENABLE_DEBUG_INFO = NO;
				SDKROOT = iphoneos;
				SWIFT_OPTIMIZATION_LEVEL = "-Owholemodule";
				VALIDATE_PRODUCT = YES;
			};
			name = Release;
		};
		8BC95BD7203CDA4B00FA18D4 /* Debug */ = {
			isa = XCBuildConfiguration;
			baseConfigurationReference = F2079234528F8F61EDB164EF /* Pods-instaClone.debug.xcconfig */;
			buildSettings = {
				ASSETCATALOG_COMPILER_APPICON_NAME = AppIcon;
				INFOPLIST_FILE = instaClone/Info.plist;
				LD_RUNPATH_SEARCH_PATHS = "$(inherited) @executable_path/Frameworks";
				PRODUCT_BUNDLE_IDENTIFIER = Hunger.instaClone;
				PRODUCT_NAME = "$(TARGET_NAME)";
				SWIFT_SWIFT3_OBJC_INFERENCE = On;
				SWIFT_VERSION = 4.0;
			};
			name = Debug;
		};
		8BC95BD8203CDA4B00FA18D4 /* Release */ = {
			isa = XCBuildConfiguration;
			baseConfigurationReference = 60BAB02D772F876FE14E6308 /* Pods-instaClone.release.xcconfig */;
			buildSettings = {
				ASSETCATALOG_COMPILER_APPICON_NAME = AppIcon;
				INFOPLIST_FILE = instaClone/Info.plist;
				LD_RUNPATH_SEARCH_PATHS = "$(inherited) @executable_path/Frameworks";
				PRODUCT_BUNDLE_IDENTIFIER = Hunger.instaClone;
				PRODUCT_NAME = "$(TARGET_NAME)";
				SWIFT_SWIFT3_OBJC_INFERENCE = On;
				SWIFT_VERSION = 4.0;
			};
			name = Release;
		};
		8BC95BDA203CDA4B00FA18D4 /* Debug */ = {
			isa = XCBuildConfiguration;
			baseConfigurationReference = 8C3749D85FF20DCE994A00F4 /* Pods-instaCloneTests.debug.xcconfig */;
			buildSettings = {
				ALWAYS_EMBED_SWIFT_STANDARD_LIBRARIES = YES;
				BUNDLE_LOADER = "$(TEST_HOST)";
				INFOPLIST_FILE = instaCloneTests/Info.plist;
				LD_RUNPATH_SEARCH_PATHS = "$(inherited) @executable_path/Frameworks @loader_path/Frameworks";
				PRODUCT_BUNDLE_IDENTIFIER = Hunger.instaCloneTests;
				PRODUCT_NAME = "$(TARGET_NAME)";
				SWIFT_SWIFT3_OBJC_INFERENCE = On;
				SWIFT_VERSION = 4.0;
				TEST_HOST = "$(BUILT_PRODUCTS_DIR)/instaClone.app/instaClone";
			};
			name = Debug;
		};
		8BC95BDB203CDA4B00FA18D4 /* Release */ = {
			isa = XCBuildConfiguration;
			baseConfigurationReference = 56A4F50C0BBB7E51B652B83C /* Pods-instaCloneTests.release.xcconfig */;
			buildSettings = {
				ALWAYS_EMBED_SWIFT_STANDARD_LIBRARIES = YES;
				BUNDLE_LOADER = "$(TEST_HOST)";
				INFOPLIST_FILE = instaCloneTests/Info.plist;
				LD_RUNPATH_SEARCH_PATHS = "$(inherited) @executable_path/Frameworks @loader_path/Frameworks";
				PRODUCT_BUNDLE_IDENTIFIER = Hunger.instaCloneTests;
				PRODUCT_NAME = "$(TARGET_NAME)";
				SWIFT_SWIFT3_OBJC_INFERENCE = On;
				SWIFT_VERSION = 4.0;
				TEST_HOST = "$(BUILT_PRODUCTS_DIR)/instaClone.app/instaClone";
			};
			name = Release;
		};
		8BC95BDD203CDA4B00FA18D4 /* Debug */ = {
			isa = XCBuildConfiguration;
			baseConfigurationReference = 81DDC5E7A444F5BF8A0BCAD9 /* Pods-instaCloneUITests.debug.xcconfig */;
			buildSettings = {
				ALWAYS_EMBED_SWIFT_STANDARD_LIBRARIES = YES;
				INFOPLIST_FILE = instaCloneUITests/Info.plist;
				LD_RUNPATH_SEARCH_PATHS = "$(inherited) @executable_path/Frameworks @loader_path/Frameworks";
				PRODUCT_BUNDLE_IDENTIFIER = Hunger.instaCloneUITests;
				PRODUCT_NAME = "$(TARGET_NAME)";
				SWIFT_SWIFT3_OBJC_INFERENCE = On;
				SWIFT_VERSION = 4.0;
				TEST_TARGET_NAME = instaClone;
			};
			name = Debug;
		};
		8BC95BDE203CDA4B00FA18D4 /* Release */ = {
			isa = XCBuildConfiguration;
			baseConfigurationReference = 60A7F85599680B8C5F3DE6B3 /* Pods-instaCloneUITests.release.xcconfig */;
			buildSettings = {
				ALWAYS_EMBED_SWIFT_STANDARD_LIBRARIES = YES;
				INFOPLIST_FILE = instaCloneUITests/Info.plist;
				LD_RUNPATH_SEARCH_PATHS = "$(inherited) @executable_path/Frameworks @loader_path/Frameworks";
				PRODUCT_BUNDLE_IDENTIFIER = Hunger.instaCloneUITests;
				PRODUCT_NAME = "$(TARGET_NAME)";
				SWIFT_SWIFT3_OBJC_INFERENCE = On;
				SWIFT_VERSION = 4.0;
				TEST_TARGET_NAME = instaClone;
			};
			name = Release;
		};
/* End XCBuildConfiguration section */

/* Begin XCConfigurationList section */
		8BC95BA9203CDA4B00FA18D4 /* Build configuration list for PBXProject "instaClone" */ = {
			isa = XCConfigurationList;
			buildConfigurations = (
				8BC95BD4203CDA4B00FA18D4 /* Debug */,
				8BC95BD5203CDA4B00FA18D4 /* Release */,
			);
			defaultConfigurationIsVisible = 0;
			defaultConfigurationName = Release;
		};
		8BC95BD6203CDA4B00FA18D4 /* Build configuration list for PBXNativeTarget "instaClone" */ = {
			isa = XCConfigurationList;
			buildConfigurations = (
				8BC95BD7203CDA4B00FA18D4 /* Debug */,
				8BC95BD8203CDA4B00FA18D4 /* Release */,
			);
			defaultConfigurationIsVisible = 0;
			defaultConfigurationName = Release;
		};
		8BC95BD9203CDA4B00FA18D4 /* Build configuration list for PBXNativeTarget "instaCloneTests" */ = {
			isa = XCConfigurationList;
			buildConfigurations = (
				8BC95BDA203CDA4B00FA18D4 /* Debug */,
				8BC95BDB203CDA4B00FA18D4 /* Release */,
			);
			defaultConfigurationIsVisible = 0;
			defaultConfigurationName = Release;
		};
		8BC95BDC203CDA4B00FA18D4 /* Build configuration list for PBXNativeTarget "instaCloneUITests" */ = {
			isa = XCConfigurationList;
			buildConfigurations = (
				8BC95BDD203CDA4B00FA18D4 /* Debug */,
				8BC95BDE203CDA4B00FA18D4 /* Release */,
			);
			defaultConfigurationIsVisible = 0;
			defaultConfigurationName = Release;
		};
/* End XCConfigurationList section */
	};
	rootObject = 8BC95BA6203CDA4B00FA18D4 /* Project object */;
}
